<?xml version="1.0" encoding="utf-8"?>
<Project ToolsVersion="4.0" xmlns="http://schemas.microsoft.com/developer/msbuild/2003">
  <ItemGroup>
    <Filter Include="Archivos de origen">
      <UniqueIdentifier>{4FC737F1-C7A5-4376-A066-2A32D752A2FF}</UniqueIdentifier>
      <Extensions>cpp;c;cc;cxx;def;odl;idl;hpj;bat;asm;asmx</Extensions>
    </Filter>
    <Filter Include="Archivos de encabezado">
      <UniqueIdentifier>{93995380-89BD-4b04-88EB-625FBE52EBFB}</UniqueIdentifier>
      <Extensions>h;hh;hpp;hxx;hm;inl;inc;xsd</Extensions>
    </Filter>
    <Filter Include="Archivos de recursos">
      <UniqueIdentifier>{67DA6AB6-F800-4c08-8B7A-83BB121AAD01}</UniqueIdentifier>
      <Extensions>rc;ico;cur;bmp;dlg;rc2;rct;bin;rgs;gif;jpg;jpeg;jpe;resx;tiff;tif;png;wav;mfcribbon-ms</Extensions>
    </Filter>
  </ItemGroup>
  <ItemGroup>
    <ClCompile Include="Juego.cpp">
      <Filter>Archivos de origen</Filter>
    </ClCompile>
    <ClCompile Include="Jugador.cpp">
      <Filter>Archivos de origen</Filter>
    </ClCompile>
    <ClCompile Include="AdministradorDeEscenas.cpp">
      <Filter>Archivos de origen</Filter>
    </ClCompile>
    <ClCompile Include="Escena.cpp">
      <Filter>Archivos de origen</Filter>
    </ClCompile>
    <ClCompile Include="Lista.cpp">
      <Filter>Archivos de origen</Filter>
    </ClCompile>
    <ClCompile Include="GameObject.cpp">
      <Filter>Archivos de origen</Filter>
    </ClCompile>
    <ClCompile Include="Assets.cpp">
      <Filter>Archivos de origen</Filter>
    </ClCompile>
    <ClCompile Include="Boton.cpp">
      <Filter>Archivos de origen</Filter>
    </ClCompile>
    <ClCompile Include="AdministradorDeInput.cpp">
      <Filter>Archivos de origen</Filter>
    </ClCompile>
    <ClCompile Include="Barco.cpp">
      <Filter>Archivos de origen</Filter>
    </ClCompile>
    <ClCompile Include="Bala.cpp">
      <Filter>Archivos de origen</Filter>
    </ClCompile>
    <ClCompile Include="Datos.cpp">
      <Filter>Archivos de origen</Filter>
    </ClCompile>
    <ClCompile Include="IComportamientoDelObjeto.cpp">
      <Filter>Archivos de origen</Filter>
    </ClCompile>
    <ClCompile Include="TileIzquierdaEnLoop.cpp">
      <Filter>Archivos de origen</Filter>
    </ClCompile>
    <ClCompile Include="ArribaAbajo.cpp">
      <Filter>Archivos de origen</Filter>
    </ClCompile>
    <ClCompile Include="AbiertoCerrado.cpp">
      <Filter>Archivos de origen</Filter>
    </ClCompile>
    <ClCompile Include="CentroVolver.cpp">
      <Filter>Archivos de origen</Filter>
    </ClCompile>
    <ClCompile Include="Main.cpp">
      <Filter>Archivos de origen</Filter>
    </ClCompile>
    <ClCompile Include="BarcoDoble.cpp">
      <Filter>Archivos de origen</Filter>
    </ClCompile>
    <ClCompile Include="BarcoCuatro.cpp">
      <Filter>Archivos de origen</Filter>
    </ClCompile>
    <ClCompile Include="AdministradorDeBarcos.cpp">
      <Filter>Archivos de origen</Filter>
    </ClCompile>
    <ClCompile Include="MovimientoBala.cpp">
      <Filter>Archivos de origen</Filter>
    </ClCompile>
    <ClCompile Include="Marinero.cpp">
      <Filter>Archivos de origen</Filter>
    </ClCompile>
  </ItemGroup>
  <ItemGroup>
    <ClInclude Include="Juego.h">
      <Filter>Archivos de origen</Filter>
    </ClInclude>
    <ClInclude Include="Jugador.h">
      <Filter>Archivos de origen</Filter>
    </ClInclude>
    <ClInclude Include="AdministradorDeEscenas.h">
      <Filter>Archivos de origen</Filter>
    </ClInclude>
    <ClInclude Include="Escena.h">
      <Filter>Archivos de origen</Filter>
    </ClInclude>
    <ClInclude Include="GameObject.h">
      <Filter>Archivos de origen</Filter>
    </ClInclude>
    <ClInclude Include="Assets.h">
      <Filter>Archivos de origen</Filter>
    </ClInclude>
    <ClInclude Include="Boton.h">
      <Filter>Archivos de origen</Filter>
    </ClInclude>
    <ClInclude Include="AdministradorDeInput.h">
      <Filter>Archivos de origen</Filter>
    </ClInclude>
    <ClInclude Include="Barco.h">
      <Filter>Archivos de origen</Filter>
    </ClInclude>
    <ClInclude Include="Bala.h">
      <Filter>Archivos de origen</Filter>
    </ClInclude>
    <ClInclude Include="Datos.h">
      <Filter>Archivos de origen</Filter>
    </ClInclude>
    <ClInclude Include="IComportamientoDelObjeto.h">
      <Filter>Archivos de origen</Filter>
    </ClInclude>
    <ClInclude Include="TileIzquierdaEnLoop.h">
      <Filter>Archivos de origen</Filter>
    </ClInclude>
    <ClInclude Include="ArribaAbajo.h">
      <Filter>Archivos de origen</Filter>
    </ClInclude>
    <ClInclude Include="AbiertoCerrado.h">
      <Filter>Archivos de origen</Filter>
    </ClInclude>
    <ClInclude Include="CentroVolver.h">
      <Filter>Archivos de origen</Filter>
    </ClInclude>
    <ClInclude Include="BarcoDoble.h">
      <Filter>Archivos de origen</Filter>
    </ClInclude>
    <ClInclude Include="BarcoCuatro.h">
      <Filter>Archivos de origen</Filter>
    </ClInclude>
    <ClInclude Include="AdministradorDeBarcos.h">
      <Filter>Archivos de origen</Filter>
    </ClInclude>
    <ClInclude Include="MovimientoBala.h">
      <Filter>Archivos de origen</Filter>
    </ClInclude>
    <ClInclude Include="Marinero.h">
      <Filter>Archivos de origen</Filter>
    </ClInclude>
  </ItemGroup>
</Project>